
Microsoft Visual Studio Solution File, Format Version 12.00
# Visual Studio Version 16
VisualStudioVersion = 16.0.34601.136
MinimumVisualStudioVersion = 10.0.40219.1
Project("{FAE04EC0-301F-11D3-BF4B-00C04F79EFBC}") = "CalculadoraGit", "CalculadoraGit.csproj", "{96147663-CBBA-4A5E-9859-A57B4A5A0ADC}"
EndProject
Global
	GlobalSection(SolutionConfigurationPlatforms) = preSolution
		Debug|Any CPU = Debug|Any CPU
		Release|Any CPU = Release|Any CPU
	EndGlobalSection
	GlobalSection(ProjectConfigurationPlatforms) = postSolution
		{96147663-CBBA-4A5E-9859-A57B4A5A0ADC}.Debug|Any CPU.ActiveCfg = Debug|Any CPU
		{96147663-CBBA-4A5E-9859-A57B4A5A0ADC}.Debug|Any CPU.Build.0 = Debug|Any CPU
		{96147663-CBBA-4A5E-9859-A57B4A5A0ADC}.Release|Any CPU.ActiveCfg = Release|Any CPU
		{96147663-CBBA-4A5E-9859-A57B4A5A0ADC}.Release|Any CPU.Build.0 = Release|Any CPU
	EndGlobalSection
	GlobalSection(SolutionProperties) = preSolution
		HideSolutionNode = FALSE
	EndGlobalSection
	GlobalSection(ExtensibilityGlobals) = postSolution
		SolutionGuid = {D5B45732-B103-403B-ADBE-787E440E8CB1}
	EndGlobalSection
EndGlobal
